
Microsoft Visual Studio Solution File, Format Version 12.00
# Visual Studio Version 17
VisualStudioVersion = 17.5.33516.290
MinimumVisualStudioVersion = 10.0.40219.1
Project("{FAE04EC0-301F-11D3-BF4B-00C04F79EFBC}") = "csi.asp.net.core.model", "csi.asp.net.core.model\csi.asp.net.core.model.csproj", "{95B53FA8-753F-42B8-971E-2F6D92682525}"
EndProject
Project("{FAE04EC0-301F-11D3-BF4B-00C04F79EFBC}") = "csi.asp.net.core.data", "csi.asp.net.core.data\csi.asp.net.core.data.csproj", "{8CC70125-46EB-4EE1-97F2-BEC02A5C52CC}"
EndProject
Global
	GlobalSection(SolutionConfigurationPlatforms) = preSolution
		Debug|Any CPU = Debug|Any CPU
		Release|Any CPU = Release|Any CPU
	EndGlobalSection
	GlobalSection(ProjectConfigurationPlatforms) = postSolution
		{95B53FA8-753F-42B8-971E-2F6D92682525}.Debug|Any CPU.ActiveCfg = Debug|Any CPU
		{95B53FA8-753F-42B8-971E-2F6D92682525}.Debug|Any CPU.Build.0 = Debug|Any CPU
		{95B53FA8-753F-42B8-971E-2F6D92682525}.Release|Any CPU.ActiveCfg = Release|Any CPU
		{95B53FA8-753F-42B8-971E-2F6D92682525}.Release|Any CPU.Build.0 = Release|Any CPU
		{8CC70125-46EB-4EE1-97F2-BEC02A5C52CC}.Debug|Any CPU.ActiveCfg = Debug|Any CPU
		{8CC70125-46EB-4EE1-97F2-BEC02A5C52CC}.Debug|Any CPU.Build.0 = Debug|Any CPU
		{8CC70125-46EB-4EE1-97F2-BEC02A5C52CC}.Release|Any CPU.ActiveCfg = Release|Any CPU
		{8CC70125-46EB-4EE1-97F2-BEC02A5C52CC}.Release|Any CPU.Build.0 = Release|Any CPU
	EndGlobalSection
	GlobalSection(SolutionProperties) = preSolution
		HideSolutionNode = FALSE
	EndGlobalSection
	GlobalSection(ExtensibilityGlobals) = postSolution
		SolutionGuid = {1A5BBAA8-ADB9-4854-83BF-B79310E49B5B}
	EndGlobalSection
EndGlobal
